
Microsoft Visual Studio Solution File, Format Version 12.00
# Visual Studio Version 17
VisualStudioVersion = 17.10.34916.146
MinimumVisualStudioVersion = 10.0.40219.1
Project("{FAE04EC0-301F-11D3-BF4B-00C04F79EFBC}") = "OpenClosedDemo", "OpenClosedDemo\OpenClosedDemo.csproj", "{2367BD55-1559-496B-9621-5E4B8D894B8C}"
EndProject
Global
	GlobalSection(SolutionConfigurationPlatforms) = preSolution
		Debug|Any CPU = Debug|Any CPU
		Release|Any CPU = Release|Any CPU
	EndGlobalSection
	GlobalSection(ProjectConfigurationPlatforms) = postSolution
		{2367BD55-1559-496B-9621-5E4B8D894B8C}.Debug|Any CPU.ActiveCfg = Debug|Any CPU
		{2367BD55-1559-496B-9621-5E4B8D894B8C}.Debug|Any CPU.Build.0 = Debug|Any CPU
		{2367BD55-1559-496B-9621-5E4B8D894B8C}.Release|Any CPU.ActiveCfg = Release|Any CPU
		{2367BD55-1559-496B-9621-5E4B8D894B8C}.Release|Any CPU.Build.0 = Release|Any CPU
	EndGlobalSection
	GlobalSection(SolutionProperties) = preSolution
		HideSolutionNode = FALSE
	EndGlobalSection
	GlobalSection(ExtensibilityGlobals) = postSolution
		SolutionGuid = {1B85D811-4470-46FE-9043-4B51EB170535}
	EndGlobalSection
EndGlobal
