
Microsoft Visual Studio Solution File, Format Version 12.00
# Visual Studio Version 17
VisualStudioVersion = 17.10.34916.146
MinimumVisualStudioVersion = 10.0.40219.1
Project("{FAE04EC0-301F-11D3-BF4B-00C04F79EFBC}") = "SRPDemo", "SRPDemo\SRPDemo.csproj", "{BB422454-52F1-481F-B76E-4097A29F1606}"
EndProject
Global
	GlobalSection(SolutionConfigurationPlatforms) = preSolution
		Debug|Any CPU = Debug|Any CPU
		Release|Any CPU = Release|Any CPU
	EndGlobalSection
	GlobalSection(ProjectConfigurationPlatforms) = postSolution
		{BB422454-52F1-481F-B76E-4097A29F1606}.Debug|Any CPU.ActiveCfg = Debug|Any CPU
		{BB422454-52F1-481F-B76E-4097A29F1606}.Debug|Any CPU.Build.0 = Debug|Any CPU
		{BB422454-52F1-481F-B76E-4097A29F1606}.Release|Any CPU.ActiveCfg = Release|Any CPU
		{BB422454-52F1-481F-B76E-4097A29F1606}.Release|Any CPU.Build.0 = Release|Any CPU
	EndGlobalSection
	GlobalSection(SolutionProperties) = preSolution
		HideSolutionNode = FALSE
	EndGlobalSection
	GlobalSection(ExtensibilityGlobals) = postSolution
		SolutionGuid = {02B2EADA-7E07-4674-8511-87B3859F3904}
	EndGlobalSection
EndGlobal
